
Microsoft Visual Studio Solution File, Format Version 12.00
# Visual Studio Version 17
VisualStudioVersion = 17.9.34607.119
MinimumVisualStudioVersion = 10.0.40219.1
Project("{9A19103F-16F7-4668-BE54-9A1E7A4F7556}") = "DLSSUpdater", "DlssUpdater\DLSSUpdater.csproj", "{891674A2-74FE-4E71-A18E-859680E25E98}"
EndProject
Project("{FAE04EC0-301F-11D3-BF4B-00C04F79EFBC}") = "DLSSUpdater.Tests", "DLSSUpdater.Tests\DLSSUpdater.Tests.csproj", "{43C6713F-2567-4400-A617-0684C22F987C}"
EndProject
Project("{C7167F0D-BC9F-4E6E-AFE1-012C56B48DB5}") = "DlssUpdaterPackage", "DlssUpdaterPackage\DlssUpdaterPackage.wapproj", "{4CF61714-20D7-4C7F-86F9-E88EA893268F}"
EndProject
Global
	GlobalSection(SolutionConfigurationPlatforms) = preSolution
		Debug|Any CPU = Debug|Any CPU
		Debug|ARM = Debug|ARM
		Debug|ARM64 = Debug|ARM64
		Debug|x64 = Debug|x64
		Debug|x86 = Debug|x86
		Release|Any CPU = Release|Any CPU
		Release|ARM = Release|ARM
		Release|ARM64 = Release|ARM64
		Release|x64 = Release|x64
		Release|x86 = Release|x86
	EndGlobalSection
	GlobalSection(ProjectConfigurationPlatforms) = postSolution
		{891674A2-74FE-4E71-A18E-859680E25E98}.Debug|Any CPU.ActiveCfg = Debug|x64
		{891674A2-74FE-4E71-A18E-859680E25E98}.Debug|Any CPU.Build.0 = Debug|x64
		{891674A2-74FE-4E71-A18E-859680E25E98}.Debug|ARM.ActiveCfg = Debug|x64
		{891674A2-74FE-4E71-A18E-859680E25E98}.Debug|ARM.Build.0 = Debug|x64
		{891674A2-74FE-4E71-A18E-859680E25E98}.Debug|ARM64.ActiveCfg = Debug|x64
		{891674A2-74FE-4E71-A18E-859680E25E98}.Debug|ARM64.Build.0 = Debug|x64
		{891674A2-74FE-4E71-A18E-859680E25E98}.Debug|x64.ActiveCfg = Debug|x64
		{891674A2-74FE-4E71-A18E-859680E25E98}.Debug|x64.Build.0 = Debug|x64
		{891674A2-74FE-4E71-A18E-859680E25E98}.Debug|x86.ActiveCfg = Debug|x64
		{891674A2-74FE-4E71-A18E-859680E25E98}.Debug|x86.Build.0 = Debug|x64
		{891674A2-74FE-4E71-A18E-859680E25E98}.Release|Any CPU.ActiveCfg = Release|x64
		{891674A2-74FE-4E71-A18E-859680E25E98}.Release|Any CPU.Build.0 = Release|x64
		{891674A2-74FE-4E71-A18E-859680E25E98}.Release|ARM.ActiveCfg = Release|x64
		{891674A2-74FE-4E71-A18E-859680E25E98}.Release|ARM.Build.0 = Release|x64
		{891674A2-74FE-4E71-A18E-859680E25E98}.Release|ARM64.ActiveCfg = Release|x64
		{891674A2-74FE-4E71-A18E-859680E25E98}.Release|ARM64.Build.0 = Release|x64
		{891674A2-74FE-4E71-A18E-859680E25E98}.Release|x64.ActiveCfg = Release|x64
		{891674A2-74FE-4E71-A18E-859680E25E98}.Release|x64.Build.0 = Release|x64
		{891674A2-74FE-4E71-A18E-859680E25E98}.Release|x86.ActiveCfg = Release|x64
		{891674A2-74FE-4E71-A18E-859680E25E98}.Release|x86.Build.0 = Release|x64
		{43C6713F-2567-4400-A617-0684C22F987C}.Debug|Any CPU.ActiveCfg = Debug|Any CPU
		{43C6713F-2567-4400-A617-0684C22F987C}.Debug|Any CPU.Build.0 = Debug|Any CPU
		{43C6713F-2567-4400-A617-0684C22F987C}.Debug|ARM.ActiveCfg = Debug|Any CPU
		{43C6713F-2567-4400-A617-0684C22F987C}.Debug|ARM.Build.0 = Debug|Any CPU
		{43C6713F-2567-4400-A617-0684C22F987C}.Debug|ARM64.ActiveCfg = Debug|Any CPU
		{43C6713F-2567-4400-A617-0684C22F987C}.Debug|ARM64.Build.0 = Debug|Any CPU
		{43C6713F-2567-4400-A617-0684C22F987C}.Debug|x64.ActiveCfg = Debug|Any CPU
		{43C6713F-2567-4400-A617-0684C22F987C}.Debug|x86.ActiveCfg = Debug|Any CPU
		{43C6713F-2567-4400-A617-0684C22F987C}.Debug|x86.Build.0 = Debug|Any CPU
		{43C6713F-2567-4400-A617-0684C22F987C}.Release|Any CPU.ActiveCfg = Release|Any CPU
		{43C6713F-2567-4400-A617-0684C22F987C}.Release|Any CPU.Build.0 = Release|Any CPU
		{43C6713F-2567-4400-A617-0684C22F987C}.Release|ARM.ActiveCfg = Release|Any CPU
		{43C6713F-2567-4400-A617-0684C22F987C}.Release|ARM.Build.0 = Release|Any CPU
		{43C6713F-2567-4400-A617-0684C22F987C}.Release|ARM64.ActiveCfg = Release|Any CPU
		{43C6713F-2567-4400-A617-0684C22F987C}.Release|ARM64.Build.0 = Release|Any CPU
		{43C6713F-2567-4400-A617-0684C22F987C}.Release|x64.ActiveCfg = Release|Any CPU
		{43C6713F-2567-4400-A617-0684C22F987C}.Release|x86.ActiveCfg = Release|Any CPU
		{43C6713F-2567-4400-A617-0684C22F987C}.Release|x86.Build.0 = Release|Any CPU
		{4CF61714-20D7-4C7F-86F9-E88EA893268F}.Debug|Any CPU.ActiveCfg = Debug|Any CPU
		{4CF61714-20D7-4C7F-86F9-E88EA893268F}.Debug|Any CPU.Build.0 = Debug|Any CPU
		{4CF61714-20D7-4C7F-86F9-E88EA893268F}.Debug|Any CPU.Deploy.0 = Debug|Any CPU
		{4CF61714-20D7-4C7F-86F9-E88EA893268F}.Debug|ARM.ActiveCfg = Debug|ARM
		{4CF61714-20D7-4C7F-86F9-E88EA893268F}.Debug|ARM.Build.0 = Debug|ARM
		{4CF61714-20D7-4C7F-86F9-E88EA893268F}.Debug|ARM.Deploy.0 = Debug|ARM
		{4CF61714-20D7-4C7F-86F9-E88EA893268F}.Debug|ARM64.ActiveCfg = Debug|ARM64
		{4CF61714-20D7-4C7F-86F9-E88EA893268F}.Debug|ARM64.Build.0 = Debug|ARM64
		{4CF61714-20D7-4C7F-86F9-E88EA893268F}.Debug|ARM64.Deploy.0 = Debug|ARM64
		{4CF61714-20D7-4C7F-86F9-E88EA893268F}.Debug|x64.ActiveCfg = Debug|x64
		{4CF61714-20D7-4C7F-86F9-E88EA893268F}.Debug|x64.Build.0 = Debug|x64
		{4CF61714-20D7-4C7F-86F9-E88EA893268F}.Debug|x64.Deploy.0 = Debug|x64
		{4CF61714-20D7-4C7F-86F9-E88EA893268F}.Debug|x86.ActiveCfg = Debug|x86
		{4CF61714-20D7-4C7F-86F9-E88EA893268F}.Debug|x86.Build.0 = Debug|x86
		{4CF61714-20D7-4C7F-86F9-E88EA893268F}.Debug|x86.Deploy.0 = Debug|x86
		{4CF61714-20D7-4C7F-86F9-E88EA893268F}.Release|Any CPU.ActiveCfg = Release|Any CPU
		{4CF61714-20D7-4C7F-86F9-E88EA893268F}.Release|Any CPU.Build.0 = Release|Any CPU
		{4CF61714-20D7-4C7F-86F9-E88EA893268F}.Release|Any CPU.Deploy.0 = Release|Any CPU
		{4CF61714-20D7-4C7F-86F9-E88EA893268F}.Release|ARM.ActiveCfg = Release|ARM
		{4CF61714-20D7-4C7F-86F9-E88EA893268F}.Release|ARM.Build.0 = Release|ARM
		{4CF61714-20D7-4C7F-86F9-E88EA893268F}.Release|ARM.Deploy.0 = Release|ARM
		{4CF61714-20D7-4C7F-86F9-E88EA893268F}.Release|ARM64.ActiveCfg = Release|ARM64
		{4CF61714-20D7-4C7F-86F9-E88EA893268F}.Release|ARM64.Build.0 = Release|ARM64
		{4CF61714-20D7-4C7F-86F9-E88EA893268F}.Release|ARM64.Deploy.0 = Release|ARM64
		{4CF61714-20D7-4C7F-86F9-E88EA893268F}.Release|x64.ActiveCfg = Release|x64
		{4CF61714-20D7-4C7F-86F9-E88EA893268F}.Release|x64.Build.0 = Release|x64
		{4CF61714-20D7-4C7F-86F9-E88EA893268F}.Release|x64.Deploy.0 = Release|x64
		{4CF61714-20D7-4C7F-86F9-E88EA893268F}.Release|x86.ActiveCfg = Release|x86
		{4CF61714-20D7-4C7F-86F9-E88EA893268F}.Release|x86.Build.0 = Release|x86
		{4CF61714-20D7-4C7F-86F9-E88EA893268F}.Release|x86.Deploy.0 = Release|x86
	EndGlobalSection
	GlobalSection(SolutionProperties) = preSolution
		HideSolutionNode = FALSE
	EndGlobalSection
	GlobalSection(ExtensibilityGlobals) = postSolution
		SolutionGuid = {733C89D2-0184-4715-B6A6-846CE34E1685}
	EndGlobalSection
EndGlobal
